
Microsoft Visual Studio Solution File, Format Version 12.00
# Visual Studio Version 17
VisualStudioVersion = 17.7.34031.279
MinimumVisualStudioVersion = 10.0.40219.1
Project("{9A19103F-16F7-4668-BE54-9A1E7A4F7556}") = "VillageDefender", "Village Defender\VillageDefender.csproj", "{DC0D37DA-90D5-431D-A30D-822F9393C754}"
EndProject
Project("{FAE04EC0-301F-11D3-BF4B-00C04F79EFBC}") = "Engine", "Engine\Engine.csproj", "{6F4186CB-040C-4CFC-9685-D03E6EE2A615}"
EndProject
Project("{FAE04EC0-301F-11D3-BF4B-00C04F79EFBC}") = "Discord", "Discord\Discord.csproj", "{B5AA96D2-C094-4C54-A237-72BC189C5AAA}"
EndProject
Global
	GlobalSection(SolutionConfigurationPlatforms) = preSolution
		Debug|Any CPU = Debug|Any CPU
		Release|Any CPU = Release|Any CPU
	EndGlobalSection
	GlobalSection(ProjectConfigurationPlatforms) = postSolution
		{DC0D37DA-90D5-431D-A30D-822F9393C754}.Debug|Any CPU.ActiveCfg = Debug|Any CPU
		{DC0D37DA-90D5-431D-A30D-822F9393C754}.Debug|Any CPU.Build.0 = Debug|Any CPU
		{DC0D37DA-90D5-431D-A30D-822F9393C754}.Release|Any CPU.ActiveCfg = Release|Any CPU
		{DC0D37DA-90D5-431D-A30D-822F9393C754}.Release|Any CPU.Build.0 = Release|Any CPU
		{6F4186CB-040C-4CFC-9685-D03E6EE2A615}.Debug|Any CPU.ActiveCfg = Debug|Any CPU
		{6F4186CB-040C-4CFC-9685-D03E6EE2A615}.Debug|Any CPU.Build.0 = Debug|Any CPU
		{6F4186CB-040C-4CFC-9685-D03E6EE2A615}.Release|Any CPU.ActiveCfg = Release|Any CPU
		{6F4186CB-040C-4CFC-9685-D03E6EE2A615}.Release|Any CPU.Build.0 = Release|Any CPU
		{B5AA96D2-C094-4C54-A237-72BC189C5AAA}.Debug|Any CPU.ActiveCfg = Debug|Any CPU
		{B5AA96D2-C094-4C54-A237-72BC189C5AAA}.Debug|Any CPU.Build.0 = Debug|Any CPU
		{B5AA96D2-C094-4C54-A237-72BC189C5AAA}.Release|Any CPU.ActiveCfg = Release|Any CPU
		{B5AA96D2-C094-4C54-A237-72BC189C5AAA}.Release|Any CPU.Build.0 = Release|Any CPU
	EndGlobalSection
	GlobalSection(SolutionProperties) = preSolution
		HideSolutionNode = FALSE
	EndGlobalSection
	GlobalSection(ExtensibilityGlobals) = postSolution
		SolutionGuid = {30E7D1D6-DB0B-4596-9C1E-072BF4D1D5A4}
	EndGlobalSection
EndGlobal
